PODS:
  - Flutter (1.0.0)
  - TensorFlowLiteC (2.7.0):
    - TensorFlowLiteC/Core (= 2.7.0)
  - TensorFlowLiteC/Core (2.7.0)
  - TensorFlowLiteSwift (2.7.0):
    - TensorFlowLiteSwift/Core (= 2.7.0)
  - TensorFlowLiteSwift/Core (2.7.0):
    - TensorFlowLiteC (= 2.7.0)
  - Vouched (0.9.1):
    - Vouched/Core (= 0.9.1)
  - Vouched/Core (0.9.1):
    - TensorFlowLiteSwift
  - vouched_flutter (0.0.1):
    - Flutter
    - Vouched (= 0.9.1)

DEPENDENCIES:
  - Flutter (from `Flutter`)
  - vouched_flutter (from `.symlinks/plugins/vouched_flutter/ios`)

SPEC REPOS:
  trunk:
    - TensorFlowLiteC
    - TensorFlowLiteSwift
    - Vouched

EXTERNAL SOURCES:
  Flutter:
    :path: Flutter
  vouched_flutter:
    :path: ".symlinks/plugins/vouched_flutter/ios"

SPEC CHECKSUMS:
  Flutter: 50d75fe2f02b26cc09d224853bb45737f8b3214a
  TensorFlowLiteC: 50d75ed3640c15dcfbaf88ca4326297b445e00a1
  TensorFlowLiteSwift: fe99748dc3d58ae08bd2ff38658e3ade7038670f
  Vouched: 6b5abe200ec4dce48ae7bc8a92ca34c5d08b7767
  vouched_flutter: ca6438842b79a75006ef04562a79a2c0d3afde20

PODFILE CHECKSUM: ce13d36744da294d67f8e460dbb7aed7c09bd7f4

COCOAPODS: 1.11.2
